
Microsoft Visual Studio Solution File, Format Version 12.00
# Visual Studio Version 17
VisualStudioVersion = 17.5.33516.290
MinimumVisualStudioVersion = 10.0.40219.1
Project("{8BC9CEB8-8B4A-11D0-8D11-00A0C91BC942}") = "Client", "Client\Client.vcxproj", "{DCE8A58E-ED8A-4511-A431-17ADE9E04F68}"
	ProjectSection(ProjectDependencies) = postProject
		{83C84D22-AEA8-406D-9DE4-6333BBCFFD61} = {83C84D22-AEA8-406D-9DE4-6333BBCFFD61}
	EndProjectSection
EndProject
Project("{8BC9CEB8-8B4A-11D0-8D11-00A0C91BC942}") = "Functions", "Functions\Functions.vcxproj", "{83C84D22-AEA8-406D-9DE4-6333BBCFFD61}"
EndProject
Project("{8BC9CEB8-8B4A-11D0-8D11-00A0C91BC942}") = "UnitTest", "UnitTest\UnitTest.vcxproj", "{42E718F1-49E7-4464-B158-6D9962D58CF6}"
	ProjectSection(ProjectDependencies) = postProject
		{83C84D22-AEA8-406D-9DE4-6333BBCFFD61} = {83C84D22-AEA8-406D-9DE4-6333BBCFFD61}
	EndProjectSection
EndProject
Global
	GlobalSection(SolutionConfigurationPlatforms) = preSolution
		Debug|x64 = Debug|x64
		Debug|x86 = Debug|x86
		Release|x64 = Release|x64
		Release|x86 = Release|x86
	EndGlobalSection
	GlobalSection(ProjectConfigurationPlatforms) = postSolution
		{DCE8A58E-ED8A-4511-A431-17ADE9E04F68}.Debug|x64.ActiveCfg = Debug|x64
		{DCE8A58E-ED8A-4511-A431-17ADE9E04F68}.Debug|x64.Build.0 = Debug|x64
		{DCE8A58E-ED8A-4511-A431-17ADE9E04F68}.Debug|x86.ActiveCfg = Debug|Win32
		{DCE8A58E-ED8A-4511-A431-17ADE9E04F68}.Debug|x86.Build.0 = Debug|Win32
		{DCE8A58E-ED8A-4511-A431-17ADE9E04F68}.Release|x64.ActiveCfg = Release|x64
		{DCE8A58E-ED8A-4511-A431-17ADE9E04F68}.Release|x64.Build.0 = Release|x64
		{DCE8A58E-ED8A-4511-A431-17ADE9E04F68}.Release|x86.ActiveCfg = Release|Win32
		{DCE8A58E-ED8A-4511-A431-17ADE9E04F68}.Release|x86.Build.0 = Release|Win32
		{83C84D22-AEA8-406D-9DE4-6333BBCFFD61}.Debug|x64.ActiveCfg = Debug|x64
		{83C84D22-AEA8-406D-9DE4-6333BBCFFD61}.Debug|x64.Build.0 = Debug|x64
		{83C84D22-AEA8-406D-9DE4-6333BBCFFD61}.Debug|x86.ActiveCfg = Debug|Win32
		{83C84D22-AEA8-406D-9DE4-6333BBCFFD61}.Debug|x86.Build.0 = Debug|Win32
		{83C84D22-AEA8-406D-9DE4-6333BBCFFD61}.Release|x64.ActiveCfg = Release|x64
		{83C84D22-AEA8-406D-9DE4-6333BBCFFD61}.Release|x64.Build.0 = Release|x64
		{83C84D22-AEA8-406D-9DE4-6333BBCFFD61}.Release|x86.ActiveCfg = Release|Win32
		{83C84D22-AEA8-406D-9DE4-6333BBCFFD61}.Release|x86.Build.0 = Release|Win32
		{42E718F1-49E7-4464-B158-6D9962D58CF6}.Debug|x64.ActiveCfg = Debug|x64
		{42E718F1-49E7-4464-B158-6D9962D58CF6}.Debug|x64.Build.0 = Debug|x64
		{42E718F1-49E7-4464-B158-6D9962D58CF6}.Debug|x86.ActiveCfg = Debug|Win32
		{42E718F1-49E7-4464-B158-6D9962D58CF6}.Debug|x86.Build.0 = Debug|Win32
		{42E718F1-49E7-4464-B158-6D9962D58CF6}.Release|x64.ActiveCfg = Release|x64
		{42E718F1-49E7-4464-B158-6D9962D58CF6}.Release|x64.Build.0 = Release|x64
		{42E718F1-49E7-4464-B158-6D9962D58CF6}.Release|x86.ActiveCfg = Release|Win32
		{42E718F1-49E7-4464-B158-6D9962D58CF6}.Release|x86.Build.0 = Release|Win32
	EndGlobalSection
	GlobalSection(SolutionProperties) = preSolution
		HideSolutionNode = FALSE
	EndGlobalSection
	GlobalSection(ExtensibilityGlobals) = postSolution
		SolutionGuid = {DAAFDD8A-330C-42F7-8FA5-5D5B355CCFEB}
	EndGlobalSection
EndGlobal
